Microsoft Visual Studio Solution File, Format Version 12.00
# Visual Studio Version 16
VisualStudioVersion = 16.0.31702.278
MinimumVisualStudioVersion = 10.0.40219.1
Project("{9A19103F-16F7-4668-BE54-9A1E7A4F7556}") = "TechJobsOO", "TechJobsOO\TechJobsOO.csproj", "{C76D48E1-4C5C-4DB4-89A2-DBACCF4CBE4F}"
EndProject
Project("{9A19103F-16F7-4668-BE54-9A1E7A4F7556}") = "TechJobsTests", "TechJobsTests\TechJobsTests.csproj", "{EE128F0A-120A-4F2E-9AA6-40CFB07FA757}"
	ProjectSection(ProjectDependencies) = postProject
		{C76D48E1-4C5C-4DB4-89A2-DBACCF4CBE4F} = {C76D48E1-4C5C-4DB4-89A2-DBACCF4CBE4F}
	EndProjectSection
EndProject
Global
	GlobalSection(SolutionConfigurationPlatforms) = preSolution
		Debug|Any CPU = Debug|Any CPU
		Release|Any CPU = Release|Any CPU
	EndGlobalSection
	GlobalSection(ProjectConfigurationPlatforms) = postSolution
		{C76D48E1-4C5C-4DB4-89A2-DBACCF4CBE4F}.Debug|Any CPU.ActiveCfg = Debug|Any CPU
		{C76D48E1-4C5C-4DB4-89A2-DBACCF4CBE4F}.Debug|Any CPU.Build.0 = Debug|Any CPU
		{C76D48E1-4C5C-4DB4-89A2-DBACCF4CBE4F}.Release|Any CPU.ActiveCfg = Release|Any CPU
		{C76D48E1-4C5C-4DB4-89A2-DBACCF4CBE4F}.Release|Any CPU.Build.0 = Release|Any CPU
		{EE128F0A-120A-4F2E-9AA6-40CFB07FA757}.Debug|Any CPU.ActiveCfg = Debug|Any CPU
		{EE128F0A-120A-4F2E-9AA6-40CFB07FA757}.Debug|Any CPU.Build.0 = Debug|Any CPU
		{EE128F0A-120A-4F2E-9AA6-40CFB07FA757}.Release|Any CPU.ActiveCfg = Release|Any CPU
		{EE128F0A-120A-4F2E-9AA6-40CFB07FA757}.Release|Any CPU.Build.0 = Release|Any CPU
	EndGlobalSection
	GlobalSection(SolutionProperties) = preSolution
		HideSolutionNode = FALSE
	EndGlobalSection
	GlobalSection(ExtensibilityGlobals) = postSolution
		SolutionGuid = {CE8CC3B8-37F9-4052-9400-FF0B09E76A77}
	EndGlobalSection
EndGlobal
